
Microsoft Visual Studio Solution File, Format Version 12.00
# Visual Studio Version 17
VisualStudioVersion = 17.0.32112.339
MinimumVisualStudioVersion = 10.0.40219.1
Project("{9A19103F-16F7-4668-BE54-9A1E7A4F7556}") = "TestWpfMVVM", "TestWpfMVVM\TestWpfMVVM.csproj", "{A52C5980-E59E-4462-B2D9-9BB5C393C78A}"
EndProject
Project("{FAE04EC0-301F-11D3-BF4B-00C04F79EFBC}") = "NewWpfTutor6", "NewWpfTutor6\NewWpfTutor6.csproj", "{1413CC6D-1348-4700-AD7E-062C16F4FC0B}"
EndProject
Global
	GlobalSection(SolutionConfigurationPlatforms) = preSolution
		Debug|Any CPU = Debug|Any CPU
		Release|Any CPU = Release|Any CPU
	EndGlobalSection
	GlobalSection(ProjectConfigurationPlatforms) = postSolution
		{A52C5980-E59E-4462-B2D9-9BB5C393C78A}.Debug|Any CPU.ActiveCfg = Debug|Any CPU
		{A52C5980-E59E-4462-B2D9-9BB5C393C78A}.Debug|Any CPU.Build.0 = Debug|Any CPU
		{A52C5980-E59E-4462-B2D9-9BB5C393C78A}.Release|Any CPU.ActiveCfg = Release|Any CPU
		{A52C5980-E59E-4462-B2D9-9BB5C393C78A}.Release|Any CPU.Build.0 = Release|Any CPU
		{1413CC6D-1348-4700-AD7E-062C16F4FC0B}.Debug|Any CPU.ActiveCfg = Debug|Any CPU
		{1413CC6D-1348-4700-AD7E-062C16F4FC0B}.Debug|Any CPU.Build.0 = Debug|Any CPU
		{1413CC6D-1348-4700-AD7E-062C16F4FC0B}.Release|Any CPU.ActiveCfg = Release|Any CPU
		{1413CC6D-1348-4700-AD7E-062C16F4FC0B}.Release|Any CPU.Build.0 = Release|Any CPU
	EndGlobalSection
	GlobalSection(SolutionProperties) = preSolution
		HideSolutionNode = FALSE
	EndGlobalSection
	GlobalSection(ExtensibilityGlobals) = postSolution
		SolutionGuid = {DF5C3AF6-D17B-4911-9DD6-154569917C1E}
	EndGlobalSection
EndGlobal
